
Microsoft Visual Studio Solution File, Format Version 12.00
# Visual Studio Version 17
VisualStudioVersion = 17.8.34322.80
MinimumVisualStudioVersion = 10.0.40219.1
Project("{FAE04EC0-301F-11D3-BF4B-00C04F79EFBC}") = "PathWays", "PathWays\PathWays.csproj", "{8BD5BD4D-0DAF-4256-BB0F-16FB6050618F}"
EndProject
Global
	GlobalSection(SolutionConfigurationPlatforms) = preSolution
		Debug|Any CPU = Debug|Any CPU
		Release|Any CPU = Release|Any CPU
	EndGlobalSection
	GlobalSection(ProjectConfigurationPlatforms) = postSolution
		{8BD5BD4D-0DAF-4256-BB0F-16FB6050618F}.Debug|Any CPU.ActiveCfg = Debug|Any CPU
		{8BD5BD4D-0DAF-4256-BB0F-16FB6050618F}.Debug|Any CPU.Build.0 = Debug|Any CPU
		{8BD5BD4D-0DAF-4256-BB0F-16FB6050618F}.Debug|Any CPU.Deploy.0 = Debug|Any CPU
		{8BD5BD4D-0DAF-4256-BB0F-16FB6050618F}.Release|Any CPU.ActiveCfg = Release|Any CPU
		{8BD5BD4D-0DAF-4256-BB0F-16FB6050618F}.Release|Any CPU.Build.0 = Release|Any CPU
		{8BD5BD4D-0DAF-4256-BB0F-16FB6050618F}.Release|Any CPU.Deploy.0 = Release|Any CPU
	EndGlobalSection
	GlobalSection(SolutionProperties) = preSolution
		HideSolutionNode = FALSE
	EndGlobalSection
	GlobalSection(ExtensibilityGlobals) = postSolution
		SolutionGuid = {6643C22D-F6CE-459D-9E2A-16DA5D5C23DC}
	EndGlobalSection
EndGlobal
